
Microsoft Visual Studio Solution File, Format Version 12.00
# Visual Studio 2013
VisualStudioVersion = 12.0.21005.1
MinimumVisualStudioVersion = 10.0.40219.1
Project("{FAE04EC0-301F-11D3-BF4B-00C04F79EFBC}") = "MMBot.Exchange", "MMBot.Exchange\MMBot.Exchange.csproj", "{9515982E-446C-4495-9C35-114DA0E6DB46}"
EndProject
Project("{FAE04EC0-301F-11D3-BF4B-00C04F79EFBC}") = "MMBot.Exchange.Tests", "MMBot.Exchange.Tests\MMBot.Exchange.Tests.csproj", "{30A45756-9DAE-4C7A-8E36-511B330AB3F5}"
EndProject
Global
	GlobalSection(SolutionConfigurationPlatforms) = preSolution
		Debug|Any CPU = Debug|Any CPU
		Release|Any CPU = Release|Any CPU
	EndGlobalSection
	GlobalSection(ProjectConfigurationPlatforms) = postSolution
		{9515982E-446C-4495-9C35-114DA0E6DB46}.Debug|Any CPU.ActiveCfg = Debug|Any CPU
		{9515982E-446C-4495-9C35-114DA0E6DB46}.Debug|Any CPU.Build.0 = Debug|Any CPU
		{9515982E-446C-4495-9C35-114DA0E6DB46}.Release|Any CPU.ActiveCfg = Release|Any CPU
		{9515982E-446C-4495-9C35-114DA0E6DB46}.Release|Any CPU.Build.0 = Release|Any CPU
		{30A45756-9DAE-4C7A-8E36-511B330AB3F5}.Debug|Any CPU.ActiveCfg = Debug|Any CPU
		{30A45756-9DAE-4C7A-8E36-511B330AB3F5}.Debug|Any CPU.Build.0 = Debug|Any CPU
		{30A45756-9DAE-4C7A-8E36-511B330AB3F5}.Release|Any CPU.ActiveCfg = Release|Any CPU
		{30A45756-9DAE-4C7A-8E36-511B330AB3F5}.Release|Any CPU.Build.0 = Release|Any CPU
	EndGlobalSection
	GlobalSection(SolutionProperties) = preSolution
		HideSolutionNode = FALSE
	EndGlobalSection
EndGlobal
